
Microsoft Visual Studio Solution File, Format Version 12.00
# Visual Studio Version 16
VisualStudioVersion = 16.0.31624.102
MinimumVisualStudioVersion = 10.0.40219.1
Project("{FAE04EC0-301F-11D3-BF4B-00C04F79EFBC}") = "new canteen app.Android", "new canteen app\new canteen app.Android\new canteen app.Android.csproj", "{C489E3B4-F6D9-4699-B4D2-9AB04E40EA2F}"
EndProject
Project("{FAE04EC0-301F-11D3-BF4B-00C04F79EFBC}") = "new canteen app.iOS", "new canteen app\new canteen app.iOS\new canteen app.iOS.csproj", "{19EC6F3C-5C8A-411C-A551-5B303997D69F}"
EndProject
Project("{FAE04EC0-301F-11D3-BF4B-00C04F79EFBC}") = "new canteen app", "new canteen app\new canteen app\new canteen app.csproj", "{39E90411-BF91-44D6-8679-90F1FA82BC36}"
EndProject
Global
	GlobalSection(SolutionConfigurationPlatforms) = preSolution
		Debug|Any CPU = Debug|Any CPU
		Debug|iPhone = Debug|iPhone
		Debug|iPhoneSimulator = Debug|iPhoneSimulator
		Release|Any CPU = Release|Any CPU
		Release|iPhone = Release|iPhone
		Release|iPhoneSimulator = Release|iPhoneSimulator
	EndGlobalSection
	GlobalSection(ProjectConfigurationPlatforms) = postSolution
		{C489E3B4-F6D9-4699-B4D2-9AB04E40EA2F}.Debug|Any CPU.ActiveCfg = Debug|Any CPU
		{C489E3B4-F6D9-4699-B4D2-9AB04E40EA2F}.Debug|Any CPU.Build.0 = Debug|Any CPU
		{C489E3B4-F6D9-4699-B4D2-9AB04E40EA2F}.Debug|Any CPU.Deploy.0 = Debug|Any CPU
		{C489E3B4-F6D9-4699-B4D2-9AB04E40EA2F}.Debug|iPhone.ActiveCfg = Debug|Any CPU
		{C489E3B4-F6D9-4699-B4D2-9AB04E40EA2F}.Debug|iPhone.Build.0 = Debug|Any CPU
		{C489E3B4-F6D9-4699-B4D2-9AB04E40EA2F}.Debug|iPhone.Deploy.0 = Debug|Any CPU
		{C489E3B4-F6D9-4699-B4D2-9AB04E40EA2F}.Debug|iPhoneSimulator.ActiveCfg = Debug|Any CPU
		{C489E3B4-F6D9-4699-B4D2-9AB04E40EA2F}.Debug|iPhoneSimulator.Build.0 = Debug|Any CPU
		{C489E3B4-F6D9-4699-B4D2-9AB04E40EA2F}.Debug|iPhoneSimulator.Deploy.0 = Debug|Any CPU
		{C489E3B4-F6D9-4699-B4D2-9AB04E40EA2F}.Release|Any CPU.ActiveCfg = Release|Any CPU
		{C489E3B4-F6D9-4699-B4D2-9AB04E40EA2F}.Release|Any CPU.Build.0 = Release|Any CPU
		{C489E3B4-F6D9-4699-B4D2-9AB04E40EA2F}.Release|Any CPU.Deploy.0 = Release|Any CPU
		{C489E3B4-F6D9-4699-B4D2-9AB04E40EA2F}.Release|iPhone.ActiveCfg = Release|Any CPU
		{C489E3B4-F6D9-4699-B4D2-9AB04E40EA2F}.Release|iPhone.Build.0 = Release|Any CPU
		{C489E3B4-F6D9-4699-B4D2-9AB04E40EA2F}.Release|iPhone.Deploy.0 = Release|Any CPU
		{C489E3B4-F6D9-4699-B4D2-9AB04E40EA2F}.Release|iPhoneSimulator.ActiveCfg = Release|Any CPU
		{C489E3B4-F6D9-4699-B4D2-9AB04E40EA2F}.Release|iPhoneSimulator.Build.0 = Release|Any CPU
		{C489E3B4-F6D9-4699-B4D2-9AB04E40EA2F}.Release|iPhoneSimulator.Deploy.0 = Release|Any CPU
		{19EC6F3C-5C8A-411C-A551-5B303997D69F}.Debug|Any CPU.ActiveCfg = Debug|iPhone
		{19EC6F3C-5C8A-411C-A551-5B303997D69F}.Debug|Any CPU.Build.0 = Debug|iPhone
		{19EC6F3C-5C8A-411C-A551-5B303997D69F}.Debug|Any CPU.Deploy.0 = Debug|iPhone
		{19EC6F3C-5C8A-411C-A551-5B303997D69F}.Debug|iPhone.ActiveCfg = Debug|iPhone
		{19EC6F3C-5C8A-411C-A551-5B303997D69F}.Debug|iPhone.Build.0 = Debug|iPhone
		{19EC6F3C-5C8A-411C-A551-5B303997D69F}.Debug|iPhone.Deploy.0 = Debug|iPhone
		{19EC6F3C-5C8A-411C-A551-5B303997D69F}.Debug|iPhoneSimulator.ActiveCfg = Debug|iPhoneSimulator
		{19EC6F3C-5C8A-411C-A551-5B303997D69F}.Debug|iPhoneSimulator.Build.0 = Debug|iPhoneSimulator
		{19EC6F3C-5C8A-411C-A551-5B303997D69F}.Debug|iPhoneSimulator.Deploy.0 = Debug|iPhoneSimulator
		{19EC6F3C-5C8A-411C-A551-5B303997D69F}.Release|Any CPU.ActiveCfg = Release|iPhoneSimulator
		{19EC6F3C-5C8A-411C-A551-5B303997D69F}.Release|Any CPU.Build.0 = Release|iPhoneSimulator
		{19EC6F3C-5C8A-411C-A551-5B303997D69F}.Release|Any CPU.Deploy.0 = Release|iPhoneSimulator
		{19EC6F3C-5C8A-411C-A551-5B303997D69F}.Release|iPhone.ActiveCfg = Release|iPhone
		{19EC6F3C-5C8A-411C-A551-5B303997D69F}.Release|iPhone.Build.0 = Release|iPhone
		{19EC6F3C-5C8A-411C-A551-5B303997D69F}.Release|iPhone.Deploy.0 = Release|iPhone
		{19EC6F3C-5C8A-411C-A551-5B303997D69F}.Release|iPhoneSimulator.ActiveCfg = Release|iPhoneSimulator
		{19EC6F3C-5C8A-411C-A551-5B303997D69F}.Release|iPhoneSimulator.Build.0 = Release|iPhoneSimulator
		{19EC6F3C-5C8A-411C-A551-5B303997D69F}.Release|iPhoneSimulator.Deploy.0 = Release|iPhoneSimulator
		{39E90411-BF91-44D6-8679-90F1FA82BC36}.Debug|Any CPU.ActiveCfg = Debug|Any CPU
		{39E90411-BF91-44D6-8679-90F1FA82BC36}.Debug|Any CPU.Build.0 = Debug|Any CPU
		{39E90411-BF91-44D6-8679-90F1FA82BC36}.Debug|Any CPU.Deploy.0 = Debug|Any CPU
		{39E90411-BF91-44D6-8679-90F1FA82BC36}.Debug|iPhone.ActiveCfg = Debug|Any CPU
		{39E90411-BF91-44D6-8679-90F1FA82BC36}.Debug|iPhone.Build.0 = Debug|Any CPU
		{39E90411-BF91-44D6-8679-90F1FA82BC36}.Debug|iPhone.Deploy.0 = Debug|Any CPU
		{39E90411-BF91-44D6-8679-90F1FA82BC36}.Debug|iPhoneSimulator.ActiveCfg = Debug|Any CPU
		{39E90411-BF91-44D6-8679-90F1FA82BC36}.Debug|iPhoneSimulator.Build.0 = Debug|Any CPU
		{39E90411-BF91-44D6-8679-90F1FA82BC36}.Debug|iPhoneSimulator.Deploy.0 = Debug|Any CPU
		{39E90411-BF91-44D6-8679-90F1FA82BC36}.Release|Any CPU.ActiveCfg = Release|Any CPU
		{39E90411-BF91-44D6-8679-90F1FA82BC36}.Release|Any CPU.Build.0 = Release|Any CPU
		{39E90411-BF91-44D6-8679-90F1FA82BC36}.Release|Any CPU.Deploy.0 = Release|Any CPU
		{39E90411-BF91-44D6-8679-90F1FA82BC36}.Release|iPhone.ActiveCfg = Release|Any CPU
		{39E90411-BF91-44D6-8679-90F1FA82BC36}.Release|iPhone.Build.0 = Release|Any CPU
		{39E90411-BF91-44D6-8679-90F1FA82BC36}.Release|iPhone.Deploy.0 = Release|Any CPU
		{39E90411-BF91-44D6-8679-90F1FA82BC36}.Release|iPhoneSimulator.ActiveCfg = Release|Any CPU
		{39E90411-BF91-44D6-8679-90F1FA82BC36}.Release|iPhoneSimulator.Build.0 = Release|Any CPU
		{39E90411-BF91-44D6-8679-90F1FA82BC36}.Release|iPhoneSimulator.Deploy.0 = Release|Any CPU
	EndGlobalSection
	GlobalSection(SolutionProperties) = preSolution
		HideSolutionNode = FALSE
	EndGlobalSection
	GlobalSection(ExtensibilityGlobals) = postSolution
		SolutionGuid = {59465A6C-F137-4C46-87F2-1FADE11D24E7}
	EndGlobalSection
EndGlobal
